// !$*UTF8*$!
{
	archiveVersion = 1;
	classes = {
	};
	objectVersion = 55;
	objects = {

/* Begin PBXBuildFile section */
		ECAE7F0228CF6BCB00865133 /* AppDelegate.swift in Sources */ = {isa = PBXBuildFile; fileRef = ECAE7F0128CF6BCB00865133 /* AppDelegate.swift */; };
		ECAE7F0428CF6BCB00865133 /* SceneDelegate.swift in Sources */ = {isa = PBXBuildFile; fileRef = ECAE7F0328CF6BCB00865133 /* SceneDelegate.swift */; };
		ECAE7F0B28CF6BCD00865133 /* Assets.xcassets in Resources */ = {isa = PBXBuildFile; fileRef = ECAE7F0A28CF6BCD00865133 /* Assets.xcassets */; };
		ECAE7F0E28CF6BCD00865133 /* LaunchScreen.storyboard in Resources */ = {isa = PBXBuildFile; fileRef = ECAE7F0C28CF6BCD00865133 /* LaunchScreen.storyboard */; };
		ECAE7F1F28CF6E6F00865133 /* SnapKit in Frameworks */ = {isa = PBXBuildFile; productRef = ECAE7F1E28CF6E6F00865133 /* SnapKit */; };
		ECAE7F2128CF6F2000865133 /* DetailSettingsViewController.swift in Sources */ = {isa = PBXBuildFile; fileRef = ECAE7F2028CF6F2000865133 /* DetailSettingsViewController.swift */; };
		ECAE7F2328CF6F2C00865133 /* SettingsViewController.swift in Sources */ = {isa = PBXBuildFile; fileRef = ECAE7F2228CF6F2C00865133 /* SettingsViewController.swift */; };
		ECAE7F2528CF6F3800865133 /* Model.swift in Sources */ = {isa = PBXBuildFile; fileRef = ECAE7F2428CF6F3800865133 /* Model.swift */; };
		ECAE7F2928CF6F4C00865133 /* DefaultTableViewCell.swift in Sources */ = {isa = PBXBuildFile; fileRef = ECAE7F2828CF6F4C00865133 /* DefaultTableViewCell.swift */; };
		ECAE7F2B28CF6F5100865133 /* SwitchTableViewCell.swift in Sources */ = {isa = PBXBuildFile; fileRef = ECAE7F2A28CF6F5100865133 /* SwitchTableViewCell.swift */; };
		ECAE7F3028CF6F5D00865133 /* ImageTableViewCell.swift in Sources */ = {isa = PBXBuildFile; fileRef = ECAE7F2C28CF6F5C00865133 /* ImageTableViewCell.swift */; };
		ECAE7F3128CF6F5D00865133 /* FindingTableViewCell.swift in Sources */ = {isa = PBXBuildFile; fileRef = ECAE7F2D28CF6F5C00865133 /* FindingTableViewCell.swift */; };
		ECAE7F3228CF6F5D00865133 /* LabelTableViewCell.swift in Sources */ = {isa = PBXBuildFile; fileRef = ECAE7F2E28CF6F5C00865133 /* LabelTableViewCell.swift */; };
		ECAE7F3328CF6F5D00865133 /* PersonalTableViewCell.swift in Sources */ = {isa = PBXBuildFile; fileRef = ECAE7F2F28CF6F5D00865133 /* PersonalTableViewCell.swift */; };
		ECAE7F3528CF70A000865133 /* TableView.swift in Sources */ = {isa = PBXBuildFile; fileRef = ECAE7F3428CF70A000865133 /* TableView.swift */; };
		ECAE7F3728CF70B100865133 /* DetailView.swift in Sources */ = {isa = PBXBuildFile; fileRef = ECAE7F3628CF70B100865133 /* DetailView.swift */; };
/* End PBXBuildFile section */

/* Begin PBXFileReference section */
		ECAE7EFE28CF6BCB00865133 /* iOS Settings Screen (MVC Exaple).app */ = {isa = PBXFileReference; explicitFileType = wrapper.application; includeInIndex = 0; path = "iOS Settings Screen (MVC Exaple).app"; sourceTree = BUILT_PRODUCTS_DIR; };
		ECAE7F0128CF6BCB00865133 /* AppDelegate.swift */ = {isa = PBXFileReference; lastKnownFileType = sourcecode.swift; path = AppDelegate.swift; sourceTree = "<group>"; };
		ECAE7F0328CF6BCB00865133 /* SceneDelegate.swift */ = {isa = PBXFileReference; lastKnownFileType = sourcecode.swift; path = SceneDelegate.swift; sourceTree = "<group>"; };
		ECAE7F0A28CF6BCD00865133 /* Assets.xcassets */ = {isa = PBXFileReference; lastKnownFileType = folder.assetcatalog; path = Assets.xcassets; sourceTree = "<group>"; };
		ECAE7F0D28CF6BCD00865133 /* Base */ = {isa = PBXFileReference; lastKnownFileType = file.storyboard; name = Base; path = Base.lproj/LaunchScreen.storyboard; sourceTree = "<group>"; };
		ECAE7F0F28CF6BCD00865133 /* Info.plist */ = {isa = PBXFileReference; lastKnownFileType = text.plist.xml; path = Info.plist; sourceTree = "<group>"; };
		ECAE7F2028CF6F2000865133 /* DetailSettingsViewController.swift */ = {isa = PBXFileReference; fileEncoding = 4; lastKnownFileType = sourcecode.swift; path = DetailSettingsViewController.swift; sourceTree = "<group>"; };
		ECAE7F2228CF6F2C00865133 /* SettingsViewController.swift */ = {isa = PBXFileReference; fileEncoding = 4; lastKnownFileType = sourcecode.swift; path = SettingsViewController.swift; sourceTree = "<group>"; };
		ECAE7F2428CF6F3800865133 /* Model.swift */ = {isa = PBXFileReference; fileEncoding = 4; lastKnownFileType = sourcecode.swift; path = Model.swift; sourceTree = "<group>"; };
		ECAE7F2828CF6F4C00865133 /* DefaultTableViewCell.swift */ = {isa = PBXFileReference; fileEncoding = 4; lastKnownFileType = sourcecode.swift; path = DefaultTableViewCell.swift; sourceTree = "<group>"; };
		ECAE7F2A28CF6F5100865133 /* SwitchTableViewCell.swift */ = {isa = PBXFileReference; fileEncoding = 4; lastKnownFileType = sourcecode.swift; path = SwitchTableViewCell.swift; sourceTree = "<group>"; };
		ECAE7F2C28CF6F5C00865133 /* ImageTableViewCell.swift */ = {isa = PBXFileReference; fileEncoding = 4; lastKnownFileType = sourcecode.swift; path = ImageTableViewCell.swift; sourceTree = "<group>"; };
		ECAE7F2D28CF6F5C00865133 /* FindingTableViewCell.swift */ = {isa = PBXFileReference; fileEncoding = 4; lastKnownFileType = sourcecode.swift; path = FindingTableViewCell.swift; sourceTree = "<group>"; };
		ECAE7F2E28CF6F5C00865133 /* LabelTableViewCell.swift */ = {isa = PBXFileReference; fileEncoding = 4; lastKnownFileType = sourcecode.swift; path = LabelTableViewCell.swift; sourceTree = "<group>"; };
		ECAE7F2F28CF6F5D00865133 /* PersonalTableViewCell.swift */ = {isa = PBXFileReference; fileEncoding = 4; lastKnownFileType = sourcecode.swift; path = PersonalTableViewCell.swift; sourceTree = "<group>"; };
		ECAE7F3428CF70A000865133 /* TableView.swift */ = {isa = PBXFileReference; lastKnownFileType = sourcecode.swift; path = TableView.swift; sourceTree = "<group>"; };
		ECAE7F3628CF70B100865133 /* DetailView.swift */ = {isa = PBXFileReference; lastKnownFileType = sourcecode.swift; path = DetailView.swift; sourceTree = "<group>"; };
/* End PBXFileReference section */

/* Begin PBXFrameworksBuildPhase section */
		ECAE7EFB28CF6BCB00865133 /* Frameworks */ = {
			isa = PBXFrameworksBuildPhase;
			buildActionMask = 2147483647;
			files = (
				ECAE7F1F28CF6E6F00865133 /* SnapKit in Frameworks */,
			);
			runOnlyForDeploymentPostprocessing = 0;
		};
/* End PBXFrameworksBuildPhase section */

/* Begin PBXGroup section */
		ECAE7EF528CF6BCB00865133 = {
			isa = PBXGroup;
			children = (
				ECAE7F0028CF6BCB00865133 /* iOS Settings Screen (MVC Exaple) */,
				ECAE7EFF28CF6BCB00865133 /* Products */,
			);
			sourceTree = "<group>";
		};
		ECAE7EFF28CF6BCB00865133 /* Products */ = {
			isa = PBXGroup;
			children = (
				ECAE7EFE28CF6BCB00865133 /* iOS Settings Screen (MVC Exaple).app */,
			);
			name = Products;
			sourceTree = "<group>";
		};
		ECAE7F0028CF6BCB00865133 /* iOS Settings Screen (MVC Exaple) */ = {
			isa = PBXGroup;
			children = (
				ECAE7F1628CF6DF000865133 /* Sources */,
				ECAE7F1528CF6DD900865133 /* Resources */,
			);
			path = "iOS Settings Screen (MVC Exaple)";
			sourceTree = "<group>";
		};
		ECAE7F1528CF6DD900865133 /* Resources */ = {
			isa = PBXGroup;
			children = (
				ECAE7F0A28CF6BCD00865133 /* Assets.xcassets */,
				ECAE7F0C28CF6BCD00865133 /* LaunchScreen.storyboard */,
				ECAE7F0F28CF6BCD00865133 /* Info.plist */,
			);
			path = Resources;
			sourceTree = "<group>";
		};
		ECAE7F1628CF6DF000865133 /* Sources */ = {
			isa = PBXGroup;
			children = (
				ECAE7F1928CF6E0B00865133 /* App */,
				ECAE7F1828CF6E0500865133 /* Scenes */,
				ECAE7F1728CF6E0000865133 /* Controllers */,
			);
			path = Sources;
			sourceTree = "<group>";
		};
		ECAE7F1728CF6E0000865133 /* Controllers */ = {
			isa = PBXGroup;
			children = (
				ECAE7F2228CF6F2C00865133 /* SettingsViewController.swift */,
				ECAE7F2028CF6F2000865133 /* DetailSettingsViewController.swift */,
			);
			path = Controllers;
			sourceTree = "<group>";
		};
		ECAE7F1828CF6E0500865133 /* Scenes */ = {
			isa = PBXGroup;
			children = (
				ECAE7F1C28CF6E3400865133 /* Model */,
				ECAE7F1B28CF6E2B00865133 /* Views */,
			);
			path = Scenes;
			sourceTree = "<group>";
		};
		ECAE7F1928CF6E0B00865133 /* App */ = {
			isa = PBXGroup;
			children = (
				ECAE7F0128CF6BCB00865133 /* AppDelegate.swift */,
				ECAE7F0328CF6BCB00865133 /* SceneDelegate.swift */,
			);
			path = App;
			sourceTree = "<group>";
		};
		ECAE7F1A28CF6E2400865133 /* Cells */ = {
			isa = PBXGroup;
			children = (
				ECAE7F2828CF6F4C00865133 /* DefaultTableViewCell.swift */,
				ECAE7F2A28CF6F5100865133 /* SwitchTableViewCell.swift */,
				ECAE7F2D28CF6F5C00865133 /* FindingTableViewCell.swift */,
				ECAE7F2C28CF6F5C00865133 /* ImageTableViewCell.swift */,
				ECAE7F2E28CF6F5C00865133 /* LabelTableViewCell.swift */,
				ECAE7F2F28CF6F5D00865133 /* PersonalTableViewCell.swift */,
			);
			path = Cells;
			sourceTree = "<group>";
		};
		ECAE7F1B28CF6E2B00865133 /* Views */ = {
			isa = PBXGroup;
			children = (
				ECAE7F3428CF70A000865133 /* TableView.swift */,
				ECAE7F3628CF70B100865133 /* DetailView.swift */,
				ECAE7F1A28CF6E2400865133 /* Cells */,
			);
			path = Views;
			sourceTree = "<group>";
		};
		ECAE7F1C28CF6E3400865133 /* Model */ = {
			isa = PBXGroup;
			children = (
				ECAE7F2428CF6F3800865133 /* Model.swift */,
			);
			path = Model;
			sourceTree = "<group>";
		};
/* End PBXGroup section */

/* Begin PBXNativeTarget section */
		ECAE7EFD28CF6BCB00865133 /* iOS Settings Screen (MVC Exaple) */ = {
			isa = PBXNativeTarget;
			buildConfigurationList = ECAE7F1228CF6BCD00865133 /* Build configuration list for PBXNativeTarget "iOS Settings Screen (MVC Exaple)" */;
			buildPhases = (
				ECAE7EFA28CF6BCB00865133 /* Sources */,
				ECAE7EFB28CF6BCB00865133 /* Frameworks */,
				ECAE7EFC28CF6BCB00865133 /* Resources */,
			);
			buildRules = (
			);
			dependencies = (
			);
			name = "iOS Settings Screen (MVC Exaple)";
			packageProductDependencies = (
				ECAE7F1E28CF6E6F00865133 /* SnapKit */,
			);
			productName = "iOS Settings Screen (MVC Exaple)";
			productReference = ECAE7EFE28CF6BCB00865133 /* iOS Settings Screen (MVC Exaple).app */;
			productType = "com.apple.product-type.application";
		};
/* End PBXNativeTarget section */

/* Begin PBXProject section */
		ECAE7EF628CF6BCB00865133 /* Project object */ = {
			isa = PBXProject;
			attributes = {
				BuildIndependentTargetsInParallel = 1;
				LastSwiftUpdateCheck = 1340;
				LastUpgradeCheck = 1340;
				TargetAttributes = {
					ECAE7EFD28CF6BCB00865133 = {
						CreatedOnToolsVersion = 13.4.1;
					};
				};
			};
			buildConfigurationList = ECAE7EF928CF6BCB00865133 /* Build configuration list for PBXProject "iOS Settings Screen (MVC Exaple)" */;
			compatibilityVersion = "Xcode 13.0";
			developmentRegion = en;
			hasScannedForEncodings = 0;
			knownRegions = (
				en,
				Base,
			);
			mainGroup = ECAE7EF528CF6BCB00865133;
			packageReferences = (
				ECAE7F1D28CF6E6F00865133 /* XCRemoteSwiftPackageReference "SnapKit" */,
			);
			productRefGroup = ECAE7EFF28CF6BCB00865133 /* Products */;
			projectDirPath = "";
			projectRoot = "";
			targets = (
				ECAE7EFD28CF6BCB00865133 /* iOS Settings Screen (MVC Exaple) */,
			);
		};
/* End PBXProject section */

/* Begin PBXResourcesBuildPhase section */
		ECAE7EFC28CF6BCB00865133 /* Resources */ = {
			isa = PBXResourcesBuildPhase;
			buildActionMask = 2147483647;
			files = (
				ECAE7F0E28CF6BCD00865133 /* LaunchScreen.storyboard in Resources */,
				ECAE7F0B28CF6BCD00865133 /* Assets.xcassets in Resources */,
			);
			runOnlyForDeploymentPostprocessing = 0;
		};
/* End PBXResourcesBuildPhase section */

/* Begin PBXSourcesBuildPhase section */
		ECAE7EFA28CF6BCB00865133 /* Sources */ = {
			isa = PBXSourcesBuildPhase;
			buildActionMask = 2147483647;
			files = (
				ECAE7F2528CF6F3800865133 /* Model.swift in Sources */,
				ECAE7F2B28CF6F5100865133 /* SwitchTableViewCell.swift in Sources */,
				ECAE7F0228CF6BCB00865133 /* AppDelegate.swift in Sources */,
				ECAE7F3728CF70B100865133 /* DetailView.swift in Sources */,
				ECAE7F3128CF6F5D00865133 /* FindingTableViewCell.swift in Sources */,
				ECAE7F3028CF6F5D00865133 /* ImageTableViewCell.swift in Sources */,
				ECAE7F3228CF6F5D00865133 /* LabelTableViewCell.swift in Sources */,
				ECAE7F2128CF6F2000865133 /* DetailSettingsViewController.swift in Sources */,
				ECAE7F3528CF70A000865133 /* TableView.swift in Sources */,
				ECAE7F0428CF6BCB00865133 /* SceneDelegate.swift in Sources */,
				ECAE7F3328CF6F5D00865133 /* PersonalTableViewCell.swift in Sources */,
				ECAE7F2328CF6F2C00865133 /* SettingsViewController.swift in Sources */,
				ECAE7F2928CF6F4C00865133 /* DefaultTableViewCell.swift in Sources */,
			);
			runOnlyForDeploymentPostprocessing = 0;
		};
/* End PBXSourcesBuildPhase section */

/* Begin PBXVariantGroup section */
		ECAE7F0C28CF6BCD00865133 /* LaunchScreen.storyboard */ = {
			isa = PBXVariantGroup;
			children = (
				ECAE7F0D28CF6BCD00865133 /* Base */,
			);
			name = LaunchScreen.storyboard;
			sourceTree = "<group>";
		};
/* End PBXVariantGroup section */

/* Begin XCBuildConfiguration section */
		ECAE7F1028CF6BCD00865133 /* Debug */ = {
			isa = XCBuildConfiguration;
			buildSettings = {
				ALWAYS_SEARCH_USER_PATHS = NO;
				CLANG_ANALYZER_NONNULL = YES;
				CLANG_ANALYZER_NUMBER_OBJECT_CONVERSION = YES_AGGRESSIVE;
				CLANG_CXX_LANGUAGE_STANDARD = "gnu++17";
				CLANG_ENABLE_MODULES = YES;
				CLANG_ENABLE_OBJC_ARC = YES;
				CLANG_ENABLE_OBJC_WEAK = YES;
				CLANG_WARN_BLOCK_CAPTURE_AUTORELEASING = YES;
				CLANG_WARN_BOOL_CONVERSION = YES;
				CLANG_WARN_COMMA = YES;
				CLANG_WARN_CONSTANT_CONVERSION = YES;
				CLANG_WARN_DEPRECATED_OBJC_IMPLEMENTATIONS = YES;
				CLANG_WARN_DIRECT_OBJC_ISA_USAGE = YES_ERROR;
				CLANG_WARN_DOCUMENTATION_COMMENTS = YES;
				CLANG_WARN_EMPTY_BODY = YES;
				CLANG_WARN_ENUM_CONVERSION = YES;
				CLANG_WARN_INFINITE_RECURSION = YES;
				CLANG_WARN_INT_CONVERSION = YES;
				CLANG_WARN_NON_LITERAL_NULL_CONVERSION = YES;
				CLANG_WARN_OBJC_IMPLICIT_RETAIN_SELF = YES;
				CLANG_WARN_OBJC_LITERAL_CONVERSION = YES;
				CLANG_WARN_OBJC_ROOT_CLASS = YES_ERROR;
				CLANG_WARN_QUOTED_INCLUDE_IN_FRAMEWORK_HEADER = YES;
				CLANG_WARN_RANGE_LOOP_ANALYSIS = YES;
				CLANG_WARN_STRICT_PROTOTYPES = YES;
				CLANG_WARN_SUSPICIOUS_MOVE = YES;
				CLANG_WARN_UNGUARDED_AVAILABILITY = YES_AGGRESSIVE;
				CLANG_WARN_UNREACHABLE_CODE = YES;
				CLANG_WARN__DUPLICATE_METHOD_MATCH = YES;
				COPY_PHASE_STRIP = NO;
				DEBUG_INFORMATION_FORMAT = dwarf;
				ENABLE_STRICT_OBJC_MSGSEND = YES;
				ENABLE_TESTABILITY = YES;
				GCC_C_LANGUAGE_STANDARD = gnu11;
				GCC_DYNAMIC_NO_PIC = NO;
				GCC_NO_COMMON_BLOCKS = YES;
				GCC_OPTIMIZATION_LEVEL = 0;
				GCC_PREPROCESSOR_DEFINITIONS = (
					"DEBUG=1",
					"$(inherited)",
				);
				GCC_WARN_64_TO_32_BIT_CONVERSION = YES;
				GCC_WARN_ABOUT_RETURN_TYPE = YES_ERROR;
				GCC_WARN_UNDECLARED_SELECTOR = YES;
				GCC_WARN_UNINITIALIZED_AUTOS = YES_AGGRESSIVE;
				GCC_WARN_UNUSED_FUNCTION = YES;
				GCC_WARN_UNUSED_VARIABLE = YES;
				IPHONEOS_DEPLOYMENT_TARGET = 15.5;
				MTL_ENABLE_DEBUG_INFO = INCLUDE_SOURCE;
				MTL_FAST_MATH = YES;
				ONLY_ACTIVE_ARCH = YES;
				SDKROOT = iphoneos;
				SWIFT_ACTIVE_COMPILATION_CONDITIONS = DEBUG;
				SWIFT_OPTIMIZATION_LEVEL = "-Onone";
			};
			name = Debug;
		};
		ECAE7F1128CF6BCD00865133 /* Release */ = {
			isa = XCBuildConfiguration;
			buildSettings = {
				ALWAYS_SEARCH_USER_PATHS = NO;
				CLANG_ANALYZER_NONNULL = YES;
				CLANG_ANALYZER_NUMBER_OBJECT_CONVERSION = YES_AGGRESSIVE;
				CLANG_CXX_LANGUAGE_STANDARD = "gnu++17";
				CLANG_ENABLE_MODULES = YES;
				CLANG_ENABLE_OBJC_ARC = YES;
				CLANG_ENABLE_OBJC_WEAK = YES;
				CLANG_WARN_BLOCK_CAPTURE_AUTORELEASING = YES;
				CLANG_WARN_BOOL_CONVERSION = YES;
				CLANG_WARN_COMMA = YES;
				CLANG_WARN_CONSTANT_CONVERSION = YES;
				CLANG_WARN_DEPRECATED_OBJC_IMPLEMENTATIONS = YES;
				CLANG_WARN_DIRECT_OBJC_ISA_USAGE = YES_ERROR;
				CLANG_WARN_DOCUMENTATION_COMMENTS = YES;
				CLANG_WARN_EMPTY_BODY = YES;
				CLANG_WARN_ENUM_CONVERSION = YES;
				CLANG_WARN_INFINITE_RECURSION = YES;
				CLANG_WARN_INT_CONVERSION = YES;
				CLANG_WARN_NON_LITERAL_NULL_CONVERSION = YES;
				CLANG_WARN_OBJC_IMPLICIT_RETAIN_SELF = YES;
				CLANG_WARN_OBJC_LITERAL_CONVERSION = YES;
				CLANG_WARN_OBJC_ROOT_CLASS = YES_ERROR;
				CLANG_WARN_QUOTED_INCLUDE_IN_FRAMEWORK_HEADER = YES;
				CLANG_WARN_RANGE_LOOP_ANALYSIS = YES;
				CLANG_WARN_STRICT_PROTOTYPES = YES;
				CLANG_WARN_SUSPICIOUS_MOVE = YES;
				CLANG_WARN_UNGUARDED_AVAILABILITY = YES_AGGRESSIVE;
				CLANG_WARN_UNREACHABLE_CODE = YES;
				CLANG_WARN__DUPLICATE_METHOD_MATCH = YES;
				COPY_PHASE_STRIP = NO;
				DEBUG_INFORMATION_FORMAT = "dwarf-with-dsym";
				ENABLE_NS_ASSERTIONS = NO;
				ENABLE_STRICT_OBJC_MSGSEND = YES;
				GCC_C_LANGUAGE_STANDARD = gnu11;
				GCC_NO_COMMON_BLOCKS = YES;
				GCC_WARN_64_TO_32_BIT_CONVERSION = YES;
				GCC_WARN_ABOUT_RETURN_TYPE = YES_ERROR;
				GCC_WARN_UNDECLARED_SELECTOR = YES;
				GCC_WARN_UNINITIALIZED_AUTOS = YES_AGGRESSIVE;
				GCC_WARN_UNUSED_FUNCTION = YES;
				GCC_WARN_UNUSED_VARIABLE = YES;
				IPHONEOS_DEPLOYMENT_TARGET = 15.5;
				MTL_ENABLE_DEBUG_INFO = NO;
				MTL_FAST_MATH = YES;
				SDKROOT = iphoneos;
				SWIFT_COMPILATION_MODE = wholemodule;
				SWIFT_OPTIMIZATION_LEVEL = "-O";
				VALIDATE_PRODUCT = YES;
			};
			name = Release;
		};
		ECAE7F1328CF6BCD00865133 /* Debug */ = {
			isa = XCBuildConfiguration;
			buildSettings = {
				ASSETCATALOG_COMPILER_APPICON_NAME = AppIcon;
				ASSETCATALOG_COMPILER_GLOBAL_ACCENT_COLOR_NAME = AccentColor;
				CODE_SIGN_STYLE = Automatic;
				CURRENT_PROJECT_VERSION = 1;
				DEVELOPMENT_TEAM = 3X3V3KXTWJ;
				GENERATE_INFOPLIST_FILE = YES;
				INFOPLIST_FILE = "iOS Settings Screen (MVC Exaple)/Resources/Info.plist";
				INFOPLIST_KEY_UIApplicationSupportsIndirectInputEvents = YES;
				INFOPLIST_KEY_UILaunchStoryboardName = LaunchScreen;
				INFOPLIST_KEY_UISupportedInterfaceOrientations_iPad = "UIInterfaceOrientationPortrait UIInterfaceOrientationPortraitUpsideDown UIInterfaceOrientationLandscapeLeft UIInterfaceOrientationLandscapeRight";
				INFOPLIST_KEY_UISupportedInterfaceOrientations_iPhone = "UIInterfaceOrientationPortrait UIInterfaceOrientationLandscapeLeft UIInterfaceOrientationLandscapeRight";
				LD_RUNPATH_SEARCH_PATHS = (
					"$(inherited)",
					"@executable_path/Frameworks",
				);
				MARKETING_VERSION = 1.0;
				PRODUCT_BUNDLE_IDENTIFIER = "com.my.iOS-Settings-Screen--MVC-Exaple-";
				PRODUCT_NAME = "$(TARGET_NAME)";
				SWIFT_EMIT_LOC_STRINGS = YES;
				SWIFT_VERSION = 5.0;
				TARGETED_DEVICE_FAMILY = "1,2";
			};
			name = Debug;
		};
		ECAE7F1428CF6BCD00865133 /* Release */ = {
			isa = XCBuildConfiguration;
			buildSettings = {
				ASSETCATALOG_COMPILER_APPICON_NAME = AppIcon;
				ASSETCATALOG_COMPILER_GLOBAL_ACCENT_COLOR_NAME = AccentColor;
				CODE_SIGN_STYLE = Automatic;
				CURRENT_PROJECT_VERSION = 1;
				DEVELOPMENT_TEAM = 3X3V3KXTWJ;
				GENERATE_INFOPLIST_FILE = YES;
				INFOPLIST_FILE = "iOS Settings Screen (MVC Exaple)/Resources/Info.plist";
				INFOPLIST_KEY_UIApplicationSupportsIndirectInputEvents = YES;
				INFOPLIST_KEY_UILaunchStoryboardName = LaunchScreen;
				INFOPLIST_KEY_UISupportedInterfaceOrientations_iPad = "UIInterfaceOrientationPortrait UIInterfaceOrientationPortraitUpsideDown UIInterfaceOrientationLandscapeLeft UIInterfaceOrientationLandscapeRight";
				INFOPLIST_KEY_UISupportedInterfaceOrientations_iPhone = "UIInterfaceOrientationPortrait UIInterfaceOrientationLandscapeLeft UIInterfaceOrientationLandscapeRight";
				LD_RUNPATH_SEARCH_PATHS = (
					"$(inherited)",
					"@executable_path/Frameworks",
				);
				MARKETING_VERSION = 1.0;
				PRODUCT_BUNDLE_IDENTIFIER = "com.my.iOS-Settings-Screen--MVC-Exaple-";
				PRODUCT_NAME = "$(TARGET_NAME)";
				SWIFT_EMIT_LOC_STRINGS = YES;
				SWIFT_VERSION = 5.0;
				TARGETED_DEVICE_FAMILY = "1,2";
			};
			name = Release;
		};
/* End XCBuildConfiguration section */

/* Begin XCConfigurationList section */
		ECAE7EF928CF6BCB00865133 /* Build configuration list for PBXProject "iOS Settings Screen (MVC Exaple)" */ = {
			isa = XCConfigurationList;
			buildConfigurations = (
				ECAE7F1028CF6BCD00865133 /* Debug */,
				ECAE7F1128CF6BCD00865133 /* Release */,
			);
			defaultConfigurationIsVisible = 0;
			defaultConfigurationName = Release;
		};
		ECAE7F1228CF6BCD00865133 /* Build configuration list for PBXNativeTarget "iOS Settings Screen (MVC Exaple)" */ = {
			isa = XCConfigurationList;
			buildConfigurations = (
				ECAE7F1328CF6BCD00865133 /* Debug */,
				ECAE7F1428CF6BCD00865133 /* Release */,
			);
			defaultConfigurationIsVisible = 0;
			defaultConfigurationName = Release;
		};
/* End XCConfigurationList section */

/* Begin XCRemoteSwiftPackageReference section */
		ECAE7F1D28CF6E6F00865133 /* XCRemoteSwiftPackageReference "SnapKit" */ = {
			isa = XCRemoteSwiftPackageReference;
			repositoryURL = "https://github.com/SnapKit/SnapKit?ysclid=l6xwdkny7g528794473";
			requirement = {
				branch = develop;
				kind = branch;
			};
		};
/* End XCRemoteSwiftPackageReference section */

/* Begin XCSwiftPackageProductDependency section */
		ECAE7F1E28CF6E6F00865133 /* SnapKit */ = {
			isa = XCSwiftPackageProductDependency;
			package = ECAE7F1D28CF6E6F00865133 /* XCRemoteSwiftPackageReference "SnapKit" */;
			productName = SnapKit;
		};
/* End XCSwiftPackageProductDependency section */
	};
	rootObject = ECAE7EF628CF6BCB00865133 /* Project object */;
}
